
Microsoft Visual Studio Solution File, Format Version 12.00
# Visual Studio 14
VisualStudioVersion = 14.0.25420.1
MinimumVisualStudioVersion = 10.0.40219.1
Project("{8BB2217D-0F2D-49D1-97BC-3654ED321F3B}") = "Warden.Services.Organizations", "Warden.Services.Organizations\Warden.Services.Organizations.xproj", "{432AB10B-290B-4F70-8BA5-3F6C7A036B50}"
EndProject
Project("{8BB2217D-0F2D-49D1-97BC-3654ED321F3B}") = "Warden.Services.Organizations.Tests", "Warden.Services.Organizations.Tests\Warden.Services.Organizations.Tests.xproj", "{F33134B2-B2D6-4C5B-8368-5C8676323C22}"
EndProject
Project("{8BB2217D-0F2D-49D1-97BC-3654ED321F3B}") = "Warden.Services.Organizations.Tests.EndToEnd", "Warden.Services.Organizations.Tests.EndToEnd\Warden.Services.Organizations.Tests.EndToEnd.xproj", "{0786521F-E3AA-4F07-9586-4CF9ED675A63}"
EndProject
Global
	GlobalSection(SolutionConfigurationPlatforms) = preSolution
		Debug|Any CPU = Debug|Any CPU
		Release|Any CPU = Release|Any CPU
	EndGlobalSection
	GlobalSection(ProjectConfigurationPlatforms) = postSolution
		{432AB10B-290B-4F70-8BA5-3F6C7A036B50}.Debug|Any CPU.ActiveCfg = Debug|Any CPU
		{432AB10B-290B-4F70-8BA5-3F6C7A036B50}.Debug|Any CPU.Build.0 = Debug|Any CPU
		{432AB10B-290B-4F70-8BA5-3F6C7A036B50}.Release|Any CPU.ActiveCfg = Release|Any CPU
		{432AB10B-290B-4F70-8BA5-3F6C7A036B50}.Release|Any CPU.Build.0 = Release|Any CPU
		{F33134B2-B2D6-4C5B-8368-5C8676323C22}.Debug|Any CPU.ActiveCfg = Debug|Any CPU
		{F33134B2-B2D6-4C5B-8368-5C8676323C22}.Debug|Any CPU.Build.0 = Debug|Any CPU
		{F33134B2-B2D6-4C5B-8368-5C8676323C22}.Release|Any CPU.ActiveCfg = Release|Any CPU
		{F33134B2-B2D6-4C5B-8368-5C8676323C22}.Release|Any CPU.Build.0 = Release|Any CPU
		{0786521F-E3AA-4F07-9586-4CF9ED675A63}.Debug|Any CPU.ActiveCfg = Debug|Any CPU
		{0786521F-E3AA-4F07-9586-4CF9ED675A63}.Debug|Any CPU.Build.0 = Debug|Any CPU
		{0786521F-E3AA-4F07-9586-4CF9ED675A63}.Release|Any CPU.ActiveCfg = Release|Any CPU
		{0786521F-E3AA-4F07-9586-4CF9ED675A63}.Release|Any CPU.Build.0 = Release|Any CPU
	EndGlobalSection
	GlobalSection(SolutionProperties) = preSolution
		HideSolutionNode = FALSE
	EndGlobalSection
EndGlobal
